
Microsoft Visual Studio Solution File, Format Version 12.00
# Visual Studio Version 17
VisualStudioVersion = 17.2.32616.157
MinimumVisualStudioVersion = 10.0.40219.1
Project("{9A19103F-16F7-4668-BE54-9A1E7A4F7556}") = "CPMSwebapp", "CPMSwebapp.csproj", "{A561B4F2-BCB8-4D90-978F-A5E9436B1FF0}"
EndProject
Global
	GlobalSection(SolutionConfigurationPlatforms) = preSolution
		Debug|Any CPU = Debug|Any CPU
		Release|Any CPU = Release|Any CPU
	EndGlobalSection
	GlobalSection(ProjectConfigurationPlatforms) = postSolution
		{A561B4F2-BCB8-4D90-978F-A5E9436B1FF0}.Debug|Any CPU.ActiveCfg = Debug|Any CPU
		{A561B4F2-BCB8-4D90-978F-A5E9436B1FF0}.Debug|Any CPU.Build.0 = Debug|Any CPU
		{A561B4F2-BCB8-4D90-978F-A5E9436B1FF0}.Release|Any CPU.ActiveCfg = Release|Any CPU
		{A561B4F2-BCB8-4D90-978F-A5E9436B1FF0}.Release|Any CPU.Build.0 = Release|Any CPU
	EndGlobalSection
	GlobalSection(SolutionProperties) = preSolution
		HideSolutionNode = FALSE
	EndGlobalSection
	GlobalSection(ExtensibilityGlobals) = postSolution
		SolutionGuid = {0AC693C4-2F9B-487B-91C7-A0A984AA75FC}
	EndGlobalSection
EndGlobal
